Microsoft Visual Studio Solution File, Format Version 12.00
# Visual Studio Version 17
VisualStudioVersion = 17.0.31903.59
MinimumVisualStudioVersion = 10.0.40219.1
Project("{FAE04EC0-301F-11D3-BF4B-00C04F79EFBC}") = "OsqueryMcp.Server", "src\OsqueryMcp.Server\OsqueryMcp.Server.csproj", "{61B451F2-703D-46FC-9322-8B36B8341581}"
EndProject
Project("{FAE04EC0-301F-11D3-BF4B-00C04F79EFBC}") = "OsqueryMcp.Server.Tests", "tests\OsqueryMcp.Server.Tests\OsqueryMcp.Server.Tests.csproj", "{335C3103-A11E-4BDD-A469-AE0547E30AB8}"
EndProject
Global
	GlobalSection(SolutionConfigurationPlatforms) = preSolution
		Debug|Any CPU = Debug|Any CPU
		Release|Any CPU = Release|Any CPU
	EndGlobalSection
	GlobalSection(ProjectConfigurationPlatforms) = postSolution
		{61B451F2-703D-46FC-9322-8B36B8341581}.Debug|Any CPU.ActiveCfg = Debug|Any CPU
		{61B451F2-703D-46FC-9322-8B36B8341581}.Debug|Any CPU.Build.0 = Debug|Any CPU
		{61B451F2-703D-46FC-9322-8B36B8341581}.Release|Any CPU.ActiveCfg = Release|Any CPU
		{61B451F2-703D-46FC-9322-8B36B8341581}.Release|Any CPU.Build.0 = Release|Any CPU
		{335C3103-A11E-4BDD-A469-AE0547E30AB8}.Debug|Any CPU.ActiveCfg = Debug|Any CPU
		{335C3103-A11E-4BDD-A469-AE0547E30AB8}.Debug|Any CPU.Build.0 = Debug|Any CPU
		{335C3103-A11E-4BDD-A469-AE0547E30AB8}.Release|Any CPU.ActiveCfg = Release|Any CPU
		{335C3103-A11E-4BDD-A469-AE0547E30AB8}.Release|Any CPU.Build.0 = Release|Any CPU
	EndGlobalSection
EndGlobal